
Microsoft Visual Studio Solution File, Format Version 12.00
# Visual Studio Version 16
VisualStudioVersion = 16.0.29613.14
MinimumVisualStudioVersion = 10.0.40219.1
Project("{FAE04EC0-301F-11D3-BF4B-00C04F79EFBC}") = "GlitchGame.GameMain", "GlitchGame.Game\GlitchGame.GameMain.csproj", "{D0AF3DE8-E361-4C3A-B92A-7B6E2ECDC483}"
EndProject
Global
	GlobalSection(SolutionConfigurationPlatforms) = preSolution
		Debug|Any CPU = Debug|Any CPU
		Release|Any CPU = Release|Any CPU
	EndGlobalSection
	GlobalSection(ProjectConfigurationPlatforms) = postSolution
		{D0AF3DE8-E361-4C3A-B92A-7B6E2ECDC483}.Debug|Any CPU.ActiveCfg = Debug|Any CPU
		{D0AF3DE8-E361-4C3A-B92A-7B6E2ECDC483}.Debug|Any CPU.Build.0 = Debug|Any CPU
		{D0AF3DE8-E361-4C3A-B92A-7B6E2ECDC483}.Release|Any CPU.ActiveCfg = Release|Any CPU
		{D0AF3DE8-E361-4C3A-B92A-7B6E2ECDC483}.Release|Any CPU.Build.0 = Release|Any CPU
	EndGlobalSection
	GlobalSection(SolutionProperties) = preSolution
		HideSolutionNode = FALSE
	EndGlobalSection
	GlobalSection(ExtensibilityGlobals) = postSolution
		SolutionGuid = {2682A875-27FF-460D-BDF6-63F39D3D911B}
	EndGlobalSection
EndGlobal
